
Microsoft Visual Studio Solution File, Format Version 12.00
Project("{FAE04EC0-301F-11D3-BF4B-00C04F79EFBC}") = "CV.Entities", "CV.Entities\CV.Entities.csproj", "{F9449EA9-49E0-48F9-A103-51D0132B604D}"
EndProject
Project("{FAE04EC0-301F-11D3-BF4B-00C04F79EFBC}") = "CV.DataAccess", "CV.DataAccess\CV.DataAccess.csproj", "{36C3127A-441A-48C4-A36D-7FF550607A44}"
EndProject
Global
	GlobalSection(SolutionConfigurationPlatforms) = preSolution
		Debug|Any CPU = Debug|Any CPU
		Release|Any CPU = Release|Any CPU
	EndGlobalSection
	GlobalSection(ProjectConfigurationPlatforms) = postSolution
		{F9449EA9-49E0-48F9-A103-51D0132B604D}.Debug|Any CPU.ActiveCfg = Debug|Any CPU
		{F9449EA9-49E0-48F9-A103-51D0132B604D}.Debug|Any CPU.Build.0 = Debug|Any CPU
		{F9449EA9-49E0-48F9-A103-51D0132B604D}.Release|Any CPU.ActiveCfg = Release|Any CPU
		{F9449EA9-49E0-48F9-A103-51D0132B604D}.Release|Any CPU.Build.0 = Release|Any CPU
		{36C3127A-441A-48C4-A36D-7FF550607A44}.Debug|Any CPU.ActiveCfg = Debug|Any CPU
		{36C3127A-441A-48C4-A36D-7FF550607A44}.Debug|Any CPU.Build.0 = Debug|Any CPU
		{36C3127A-441A-48C4-A36D-7FF550607A44}.Release|Any CPU.ActiveCfg = Release|Any CPU
		{36C3127A-441A-48C4-A36D-7FF550607A44}.Release|Any CPU.Build.0 = Release|Any CPU
	EndGlobalSection
EndGlobal
